
Microsoft Visual Studio Solution File, Format Version 12.00
# Visual Studio 14
VisualStudioVersion = 14.0.23107.0
MinimumVisualStudioVersion = 10.0.40219.1
Project("{FAE04EC0-301F-11D3-BF4B-00C04F79EFBC}") = "laugage sys", "laugage sys\laugage sys.csproj", "{DC81EBF8-8300-4101-B97D-7AA8FBF503B9}"
EndProject
Global
	GlobalSection(SolutionConfigurationPlatforms) = preSolution
		Debug|Any CPU = Debug|Any CPU
		Release|Any CPU = Release|Any CPU
	EndGlobalSection
	GlobalSection(ProjectConfigurationPlatforms) = postSolution
		{DC81EBF8-8300-4101-B97D-7AA8FBF503B9}.Debug|Any CPU.ActiveCfg = Debug|Any CPU
		{DC81EBF8-8300-4101-B97D-7AA8FBF503B9}.Debug|Any CPU.Build.0 = Debug|Any CPU
		{DC81EBF8-8300-4101-B97D-7AA8FBF503B9}.Release|Any CPU.ActiveCfg = Release|Any CPU
		{DC81EBF8-8300-4101-B97D-7AA8FBF503B9}.Release|Any CPU.Build.0 = Release|Any CPU
	EndGlobalSection
	GlobalSection(SolutionProperties) = preSolution
		HideSolutionNode = FALSE
	EndGlobalSection
EndGlobal
